
Microsoft Visual Studio Solution File, Format Version 12.00
# Visual Studio Version 17
VisualStudioVersion = 17.9.34728.123
MinimumVisualStudioVersion = 10.0.40219.1
Project("{2150E333-8FDC-42A3-9474-1A3956D46DE8}") = "Frontend", "Frontend", "{151B7C71-1A33-40F7-A58C-21F3C075C4A9}"
EndProject
Project("{9A19103F-16F7-4668-BE54-9A1E7A4F7556}") = "Mango.Web", "MangoWeb\Mango.Web.csproj", "{B4E225C1-5182-4710-B715-0B6D27E07473}"
EndProject
Project("{2150E333-8FDC-42A3-9474-1A3956D46DE8}") = "Services", "Services", "{AECCA6AB-E28F-47BE-AA89-CE185C80872E}"
EndProject
Project("{9A19103F-16F7-4668-BE54-9A1E7A4F7556}") = "Mango.Services.ProductAPI", "Mango.Services.ProductAPI\Mango.Services.ProductAPI.csproj", "{6F08D4C8-5466-418C-9381-C1D01B717480}"
EndProject
Project("{9A19103F-16F7-4668-BE54-9A1E7A4F7556}") = "Mango.Services.AuthAPI", "Mango.Services.AuthAPI\Mango.Services.AuthAPI.csproj", "{13D3A77E-D574-4257-A978-6F58DBFB607C}"
EndProject
Project("{9A19103F-16F7-4668-BE54-9A1E7A4F7556}") = "Mango.Services.ShoppingCartAPI", "Mango.Services.ShoppingCartAPI\Mango.Services.ShoppingCartAPI.csproj", "{7C14772E-7A47-4E42-940A-4E0EC331BEFF}"
EndProject
Project("{9A19103F-16F7-4668-BE54-9A1E7A4F7556}") = "Mango.Services.CouponAPI", "Mango.Services.CouponAPI\Mango.Services.CouponAPI.csproj", "{F151232B-5A4F-41B6-AECA-4A5A1CA1F91C}"
EndProject
Project("{FAE04EC0-301F-11D3-BF4B-00C04F79EFBC}") = "Mango.Services.OrderAPI", "Mango.Services.OrderAPI\Mango.Services.OrderAPI.csproj", "{3B6FFB51-00E7-43AE-9300-E63353973712}"
EndProject
Project("{2150E333-8FDC-42A3-9474-1A3956D46DE8}") = "Payments", "Payments", "{B1F71EDD-B094-4660-9E55-C9A61D787DCF}"
EndProject
Project("{FAE04EC0-301F-11D3-BF4B-00C04F79EFBC}") = "PaymentProcessor", "PaymentProcessor\PaymentProcessor.csproj", "{777D604D-C2BC-45FA-8F1B-1B426CABDB5E}"
EndProject
Project("{FAE04EC0-301F-11D3-BF4B-00C04F79EFBC}") = "Mango.Services.PaymentAPI", "Mango.Services.PaymentAPI\Mango.Services.PaymentAPI.csproj", "{16C82CCF-DA20-4A71-AADC-BC1F830408E9}"
	ProjectSection(ProjectDependencies) = postProject
		{777D604D-C2BC-45FA-8F1B-1B426CABDB5E} = {777D604D-C2BC-45FA-8F1B-1B426CABDB5E}
	EndProjectSection
EndProject
Global
	GlobalSection(SolutionConfigurationPlatforms) = preSolution
		Debug|Any CPU = Debug|Any CPU
		Release|Any CPU = Release|Any CPU
	EndGlobalSection
	GlobalSection(ProjectConfigurationPlatforms) = postSolution
		{B4E225C1-5182-4710-B715-0B6D27E07473}.Debug|Any CPU.ActiveCfg = Debug|Any CPU
		{B4E225C1-5182-4710-B715-0B6D27E07473}.Debug|Any CPU.Build.0 = Debug|Any CPU
		{B4E225C1-5182-4710-B715-0B6D27E07473}.Release|Any CPU.ActiveCfg = Release|Any CPU
		{B4E225C1-5182-4710-B715-0B6D27E07473}.Release|Any CPU.Build.0 = Release|Any CPU
		{6F08D4C8-5466-418C-9381-C1D01B717480}.Debug|Any CPU.ActiveCfg = Debug|Any CPU
		{6F08D4C8-5466-418C-9381-C1D01B717480}.Debug|Any CPU.Build.0 = Debug|Any CPU
		{6F08D4C8-5466-418C-9381-C1D01B717480}.Release|Any CPU.ActiveCfg = Release|Any CPU
		{6F08D4C8-5466-418C-9381-C1D01B717480}.Release|Any CPU.Build.0 = Release|Any CPU
		{13D3A77E-D574-4257-A978-6F58DBFB607C}.Debug|Any CPU.ActiveCfg = Debug|Any CPU
		{13D3A77E-D574-4257-A978-6F58DBFB607C}.Debug|Any CPU.Build.0 = Debug|Any CPU
		{13D3A77E-D574-4257-A978-6F58DBFB607C}.Release|Any CPU.ActiveCfg = Release|Any CPU
		{13D3A77E-D574-4257-A978-6F58DBFB607C}.Release|Any CPU.Build.0 = Release|Any CPU
		{7C14772E-7A47-4E42-940A-4E0EC331BEFF}.Debug|Any CPU.ActiveCfg = Debug|Any CPU
		{7C14772E-7A47-4E42-940A-4E0EC331BEFF}.Debug|Any CPU.Build.0 = Debug|Any CPU
		{7C14772E-7A47-4E42-940A-4E0EC331BEFF}.Release|Any CPU.ActiveCfg = Release|Any CPU
		{7C14772E-7A47-4E42-940A-4E0EC331BEFF}.Release|Any CPU.Build.0 = Release|Any CPU
		{F151232B-5A4F-41B6-AECA-4A5A1CA1F91C}.Debug|Any CPU.ActiveCfg = Debug|Any CPU
		{F151232B-5A4F-41B6-AECA-4A5A1CA1F91C}.Debug|Any CPU.Build.0 = Debug|Any CPU
		{F151232B-5A4F-41B6-AECA-4A5A1CA1F91C}.Release|Any CPU.ActiveCfg = Release|Any CPU
		{F151232B-5A4F-41B6-AECA-4A5A1CA1F91C}.Release|Any CPU.Build.0 = Release|Any CPU
		{3B6FFB51-00E7-43AE-9300-E63353973712}.Debug|Any CPU.ActiveCfg = Debug|Any CPU
		{3B6FFB51-00E7-43AE-9300-E63353973712}.Debug|Any CPU.Build.0 = Debug|Any CPU
		{3B6FFB51-00E7-43AE-9300-E63353973712}.Release|Any CPU.ActiveCfg = Release|Any CPU
		{3B6FFB51-00E7-43AE-9300-E63353973712}.Release|Any CPU.Build.0 = Release|Any CPU
		{777D604D-C2BC-45FA-8F1B-1B426CABDB5E}.Debug|Any CPU.ActiveCfg = Debug|Any CPU
		{777D604D-C2BC-45FA-8F1B-1B426CABDB5E}.Debug|Any CPU.Build.0 = Debug|Any CPU
		{777D604D-C2BC-45FA-8F1B-1B426CABDB5E}.Release|Any CPU.ActiveCfg = Release|Any CPU
		{777D604D-C2BC-45FA-8F1B-1B426CABDB5E}.Release|Any CPU.Build.0 = Release|Any CPU
		{16C82CCF-DA20-4A71-AADC-BC1F830408E9}.Debug|Any CPU.ActiveCfg = Debug|Any CPU
		{16C82CCF-DA20-4A71-AADC-BC1F830408E9}.Debug|Any CPU.Build.0 = Debug|Any CPU
		{16C82CCF-DA20-4A71-AADC-BC1F830408E9}.Release|Any CPU.ActiveCfg = Release|Any CPU
		{16C82CCF-DA20-4A71-AADC-BC1F830408E9}.Release|Any CPU.Build.0 = Release|Any CPU
	EndGlobalSection
	GlobalSection(SolutionProperties) = preSolution
		HideSolutionNode = FALSE
	EndGlobalSection
	GlobalSection(NestedProjects) = preSolution
		{B4E225C1-5182-4710-B715-0B6D27E07473} = {151B7C71-1A33-40F7-A58C-21F3C075C4A9}
		{6F08D4C8-5466-418C-9381-C1D01B717480} = {AECCA6AB-E28F-47BE-AA89-CE185C80872E}
		{13D3A77E-D574-4257-A978-6F58DBFB607C} = {AECCA6AB-E28F-47BE-AA89-CE185C80872E}
		{7C14772E-7A47-4E42-940A-4E0EC331BEFF} = {AECCA6AB-E28F-47BE-AA89-CE185C80872E}
		{F151232B-5A4F-41B6-AECA-4A5A1CA1F91C} = {AECCA6AB-E28F-47BE-AA89-CE185C80872E}
		{3B6FFB51-00E7-43AE-9300-E63353973712} = {AECCA6AB-E28F-47BE-AA89-CE185C80872E}
		{777D604D-C2BC-45FA-8F1B-1B426CABDB5E} = {B1F71EDD-B094-4660-9E55-C9A61D787DCF}
		{16C82CCF-DA20-4A71-AADC-BC1F830408E9} = {AECCA6AB-E28F-47BE-AA89-CE185C80872E}
	EndGlobalSection
	GlobalSection(ExtensibilityGlobals) = postSolution
		SolutionGuid = {358D024F-E3E4-481B-AD4C-2B6610EA0358}
	EndGlobalSection
EndGlobal
